
Microsoft Visual Studio Solution File, Format Version 12.00
# Visual Studio Version 17
VisualStudioVersion = 17.5.33530.505
MinimumVisualStudioVersion = 10.0.40219.1
Project("{9A19103F-16F7-4668-BE54-9A1E7A4F7556}") = "Entities", "Entities\Entities.csproj", "{334EBAFD-A88C-40E9-A86F-82A64EF1CA21}"
EndProject
Project("{9A19103F-16F7-4668-BE54-9A1E7A4F7556}") = "ServiceContracts", "ServiceContracts\ServiceContracts.csproj", "{4F21CD01-6490-4E0E-8C7F-6C6EE97FEC4F}"
EndProject
Project("{9A19103F-16F7-4668-BE54-9A1E7A4F7556}") = "Services", "Services\Services.csproj", "{3410BEA7-E6D5-4564-B2DD-FD3AEDC487E3}"
EndProject
Project("{9A19103F-16F7-4668-BE54-9A1E7A4F7556}") = "TestTradeOrders", "xUnitFinhub\TestTradeOrders.csproj", "{41698E42-77BB-4B40-841E-ED4675E71B64}"
EndProject
Project("{9A19103F-16F7-4668-BE54-9A1E7A4F7556}") = "TradeOrders", "TestFinnhub\TradeOrders.csproj", "{7AE2FD74-5913-4F23-A509-03F8A6848B5D}"
EndProject
Project("{9A19103F-16F7-4668-BE54-9A1E7A4F7556}") = "Repositories", "Repositories\Repositories.csproj", "{B1D7AC90-0F5A-4A62-B67E-D5713ABC2414}"
EndProject
Project("{9A19103F-16F7-4668-BE54-9A1E7A4F7556}") = "RepositoryContracts", "RepositoryContracts\RepositoryContracts.csproj", "{CDAA29E6-6B2E-427D-B967-32C791B638FB}"
EndProject
Global
	GlobalSection(SolutionConfigurationPlatforms) = preSolution
		Debug|Any CPU = Debug|Any CPU
		Release|Any CPU = Release|Any CPU
	EndGlobalSection
	GlobalSection(ProjectConfigurationPlatforms) = postSolution
		{334EBAFD-A88C-40E9-A86F-82A64EF1CA21}.Debug|Any CPU.ActiveCfg = Debug|Any CPU
		{334EBAFD-A88C-40E9-A86F-82A64EF1CA21}.Debug|Any CPU.Build.0 = Debug|Any CPU
		{334EBAFD-A88C-40E9-A86F-82A64EF1CA21}.Release|Any CPU.ActiveCfg = Release|Any CPU
		{334EBAFD-A88C-40E9-A86F-82A64EF1CA21}.Release|Any CPU.Build.0 = Release|Any CPU
		{4F21CD01-6490-4E0E-8C7F-6C6EE97FEC4F}.Debug|Any CPU.ActiveCfg = Debug|Any CPU
		{4F21CD01-6490-4E0E-8C7F-6C6EE97FEC4F}.Debug|Any CPU.Build.0 = Debug|Any CPU
		{4F21CD01-6490-4E0E-8C7F-6C6EE97FEC4F}.Release|Any CPU.ActiveCfg = Release|Any CPU
		{4F21CD01-6490-4E0E-8C7F-6C6EE97FEC4F}.Release|Any CPU.Build.0 = Release|Any CPU
		{3410BEA7-E6D5-4564-B2DD-FD3AEDC487E3}.Debug|Any CPU.ActiveCfg = Debug|Any CPU
		{3410BEA7-E6D5-4564-B2DD-FD3AEDC487E3}.Debug|Any CPU.Build.0 = Debug|Any CPU
		{3410BEA7-E6D5-4564-B2DD-FD3AEDC487E3}.Release|Any CPU.ActiveCfg = Release|Any CPU
		{3410BEA7-E6D5-4564-B2DD-FD3AEDC487E3}.Release|Any CPU.Build.0 = Release|Any CPU
		{41698E42-77BB-4B40-841E-ED4675E71B64}.Debug|Any CPU.ActiveCfg = Debug|Any CPU
		{41698E42-77BB-4B40-841E-ED4675E71B64}.Debug|Any CPU.Build.0 = Debug|Any CPU
		{41698E42-77BB-4B40-841E-ED4675E71B64}.Release|Any CPU.ActiveCfg = Release|Any CPU
		{41698E42-77BB-4B40-841E-ED4675E71B64}.Release|Any CPU.Build.0 = Release|Any CPU
		{7AE2FD74-5913-4F23-A509-03F8A6848B5D}.Debug|Any CPU.ActiveCfg = Debug|Any CPU
		{7AE2FD74-5913-4F23-A509-03F8A6848B5D}.Debug|Any CPU.Build.0 = Debug|Any CPU
		{7AE2FD74-5913-4F23-A509-03F8A6848B5D}.Release|Any CPU.ActiveCfg = Release|Any CPU
		{7AE2FD74-5913-4F23-A509-03F8A6848B5D}.Release|Any CPU.Build.0 = Release|Any CPU
		{B1D7AC90-0F5A-4A62-B67E-D5713ABC2414}.Debug|Any CPU.ActiveCfg = Debug|Any CPU
		{B1D7AC90-0F5A-4A62-B67E-D5713ABC2414}.Debug|Any CPU.Build.0 = Debug|Any CPU
		{B1D7AC90-0F5A-4A62-B67E-D5713ABC2414}.Release|Any CPU.ActiveCfg = Release|Any CPU
		{B1D7AC90-0F5A-4A62-B67E-D5713ABC2414}.Release|Any CPU.Build.0 = Release|Any CPU
		{CDAA29E6-6B2E-427D-B967-32C791B638FB}.Debug|Any CPU.ActiveCfg = Debug|Any CPU
		{CDAA29E6-6B2E-427D-B967-32C791B638FB}.Debug|Any CPU.Build.0 = Debug|Any CPU
		{CDAA29E6-6B2E-427D-B967-32C791B638FB}.Release|Any CPU.ActiveCfg = Release|Any CPU
		{CDAA29E6-6B2E-427D-B967-32C791B638FB}.Release|Any CPU.Build.0 = Release|Any CPU
	EndGlobalSection
	GlobalSection(SolutionProperties) = preSolution
		HideSolutionNode = FALSE
	EndGlobalSection
	GlobalSection(ExtensibilityGlobals) = postSolution
		SolutionGuid = {7EED2E86-1063-4461-B1B5-02A79ABF28B1}
	EndGlobalSection
EndGlobal
