
Microsoft Visual Studio Solution File, Format Version 12.00
# Visual Studio Version 17
VisualStudioVersion = 17.5.33530.505
MinimumVisualStudioVersion = 10.0.40219.1
Project("{9A19103F-16F7-4668-BE54-9A1E7A4F7556}") = "CRUDExample", "CRUDExample\CRUDExample.csproj", "{BE4CB84F-D32D-41EF-BE37-9000A9B3DE42}"
EndProject
Project("{9A19103F-16F7-4668-BE54-9A1E7A4F7556}") = "CRUDTests", "CRUDTests\CRUDTests.csproj", "{C9715906-3095-433E-9E85-7D3698A4669F}"
EndProject
Project("{9A19103F-16F7-4668-BE54-9A1E7A4F7556}") = "Entities", "Entities\Entities.csproj", "{334EBAFD-A88C-40E9-A86F-82A64EF1CA21}"
EndProject
Project("{9A19103F-16F7-4668-BE54-9A1E7A4F7556}") = "ServiceContracts", "ServiceContracts\ServiceContracts.csproj", "{4F21CD01-6490-4E0E-8C7F-6C6EE97FEC4F}"
EndProject
Project("{9A19103F-16F7-4668-BE54-9A1E7A4F7556}") = "Services", "Services\Services.csproj", "{3410BEA7-E6D5-4564-B2DD-FD3AEDC487E3}"
EndProject
Project("{9A19103F-16F7-4668-BE54-9A1E7A4F7556}") = "TestFinnhub", "TestFinnhub\TestFinnhub.csproj", "{3EC2A3ED-DD9B-49E3-8F1F-EC9D6268FFEB}"
EndProject
Project("{9A19103F-16F7-4668-BE54-9A1E7A4F7556}") = "Configuration", "Configuration\Configuration.csproj", "{601A5BBC-D698-4B60-BAA7-22FB106A3FC3}"
EndProject
Project("{FAE04EC0-301F-11D3-BF4B-00C04F79EFBC}") = "xUnitFinhub", "xUnitFinhub\xUnitFinhub.csproj", "{41698E42-77BB-4B40-841E-ED4675E71B64}"
EndProject
Global
	GlobalSection(SolutionConfigurationPlatforms) = preSolution
		Debug|Any CPU = Debug|Any CPU
		Release|Any CPU = Release|Any CPU
	EndGlobalSection
	GlobalSection(ProjectConfigurationPlatforms) = postSolution
		{BE4CB84F-D32D-41EF-BE37-9000A9B3DE42}.Debug|Any CPU.ActiveCfg = Debug|Any CPU
		{BE4CB84F-D32D-41EF-BE37-9000A9B3DE42}.Debug|Any CPU.Build.0 = Debug|Any CPU
		{BE4CB84F-D32D-41EF-BE37-9000A9B3DE42}.Release|Any CPU.ActiveCfg = Release|Any CPU
		{BE4CB84F-D32D-41EF-BE37-9000A9B3DE42}.Release|Any CPU.Build.0 = Release|Any CPU
		{C9715906-3095-433E-9E85-7D3698A4669F}.Debug|Any CPU.ActiveCfg = Debug|Any CPU
		{C9715906-3095-433E-9E85-7D3698A4669F}.Debug|Any CPU.Build.0 = Debug|Any CPU
		{C9715906-3095-433E-9E85-7D3698A4669F}.Release|Any CPU.ActiveCfg = Release|Any CPU
		{C9715906-3095-433E-9E85-7D3698A4669F}.Release|Any CPU.Build.0 = Release|Any CPU
		{334EBAFD-A88C-40E9-A86F-82A64EF1CA21}.Debug|Any CPU.ActiveCfg = Debug|Any CPU
		{334EBAFD-A88C-40E9-A86F-82A64EF1CA21}.Debug|Any CPU.Build.0 = Debug|Any CPU
		{334EBAFD-A88C-40E9-A86F-82A64EF1CA21}.Release|Any CPU.ActiveCfg = Release|Any CPU
		{334EBAFD-A88C-40E9-A86F-82A64EF1CA21}.Release|Any CPU.Build.0 = Release|Any CPU
		{4F21CD01-6490-4E0E-8C7F-6C6EE97FEC4F}.Debug|Any CPU.ActiveCfg = Debug|Any CPU
		{4F21CD01-6490-4E0E-8C7F-6C6EE97FEC4F}.Debug|Any CPU.Build.0 = Debug|Any CPU
		{4F21CD01-6490-4E0E-8C7F-6C6EE97FEC4F}.Release|Any CPU.ActiveCfg = Release|Any CPU
		{4F21CD01-6490-4E0E-8C7F-6C6EE97FEC4F}.Release|Any CPU.Build.0 = Release|Any CPU
		{3410BEA7-E6D5-4564-B2DD-FD3AEDC487E3}.Debug|Any CPU.ActiveCfg = Debug|Any CPU
		{3410BEA7-E6D5-4564-B2DD-FD3AEDC487E3}.Debug|Any CPU.Build.0 = Debug|Any CPU
		{3410BEA7-E6D5-4564-B2DD-FD3AEDC487E3}.Release|Any CPU.ActiveCfg = Release|Any CPU
		{3410BEA7-E6D5-4564-B2DD-FD3AEDC487E3}.Release|Any CPU.Build.0 = Release|Any CPU
		{3EC2A3ED-DD9B-49E3-8F1F-EC9D6268FFEB}.Debug|Any CPU.ActiveCfg = Debug|Any CPU
		{3EC2A3ED-DD9B-49E3-8F1F-EC9D6268FFEB}.Debug|Any CPU.Build.0 = Debug|Any CPU
		{3EC2A3ED-DD9B-49E3-8F1F-EC9D6268FFEB}.Release|Any CPU.ActiveCfg = Release|Any CPU
		{3EC2A3ED-DD9B-49E3-8F1F-EC9D6268FFEB}.Release|Any CPU.Build.0 = Release|Any CPU
		{601A5BBC-D698-4B60-BAA7-22FB106A3FC3}.Debug|Any CPU.ActiveCfg = Debug|Any CPU
		{601A5BBC-D698-4B60-BAA7-22FB106A3FC3}.Debug|Any CPU.Build.0 = Debug|Any CPU
		{601A5BBC-D698-4B60-BAA7-22FB106A3FC3}.Release|Any CPU.ActiveCfg = Release|Any CPU
		{601A5BBC-D698-4B60-BAA7-22FB106A3FC3}.Release|Any CPU.Build.0 = Release|Any CPU
		{41698E42-77BB-4B40-841E-ED4675E71B64}.Debug|Any CPU.ActiveCfg = Debug|Any CPU
		{41698E42-77BB-4B40-841E-ED4675E71B64}.Debug|Any CPU.Build.0 = Debug|Any CPU
		{41698E42-77BB-4B40-841E-ED4675E71B64}.Release|Any CPU.ActiveCfg = Release|Any CPU
		{41698E42-77BB-4B40-841E-ED4675E71B64}.Release|Any CPU.Build.0 = Release|Any CPU
	EndGlobalSection
	GlobalSection(SolutionProperties) = preSolution
		HideSolutionNode = FALSE
	EndGlobalSection
	GlobalSection(ExtensibilityGlobals) = postSolution
		SolutionGuid = {7EED2E86-1063-4461-B1B5-02A79ABF28B1}
	EndGlobalSection
EndGlobal
