
Microsoft Visual Studio Solution File, Format Version 12.00
# Visual Studio Version 17
VisualStudioVersion = 17.5.33530.505
MinimumVisualStudioVersion = 10.0.40219.1
Project("{9A19103F-16F7-4668-BE54-9A1E7A4F7556}") = "CRUDExample", "CRUDExample\CRUDExample.csproj", "{BE4CB84F-D32D-41EF-BE37-9000A9B3DE42}"
EndProject
Project("{9A19103F-16F7-4668-BE54-9A1E7A4F7556}") = "CRUDTests", "CRUDTests\CRUDTests.csproj", "{C9715906-3095-433E-9E85-7D3698A4669F}"
EndProject
Project("{9A19103F-16F7-4668-BE54-9A1E7A4F7556}") = "Entities", "Entities\Entities.csproj", "{334EBAFD-A88C-40E9-A86F-82A64EF1CA21}"
EndProject
Project("{9A19103F-16F7-4668-BE54-9A1E7A4F7556}") = "ServiceContracts", "ServiceContracts\ServiceContracts.csproj", "{4F21CD01-6490-4E0E-8C7F-6C6EE97FEC4F}"
EndProject
Project("{9A19103F-16F7-4668-BE54-9A1E7A4F7556}") = "Services", "Services\Services.csproj", "{3410BEA7-E6D5-4564-B2DD-FD3AEDC487E3}"
EndProject
Project("{9A19103F-16F7-4668-BE54-9A1E7A4F7556}") = "StockAppTests", "xUnitFinhub\StockAppTests.csproj", "{41698E42-77BB-4B40-841E-ED4675E71B64}"
EndProject
Project("{9A19103F-16F7-4668-BE54-9A1E7A4F7556}") = "StockApp", "TestFinnhub\StockApp.csproj", "{7AE2FD74-5913-4F23-A509-03F8A6848B5D}"
EndProject
Project("{9A19103F-16F7-4668-BE54-9A1E7A4F7556}") = "Repositories", "Repositories\Repositories.csproj", "{B1D7AC90-0F5A-4A62-B67E-D5713ABC2414}"
EndProject
Project("{9A19103F-16F7-4668-BE54-9A1E7A4F7556}") = "RepositoryContracts", "RepositoryContracts\RepositoryContracts.csproj", "{CDAA29E6-6B2E-427D-B967-32C791B638FB}"
EndProject
Project("{9A19103F-16F7-4668-BE54-9A1E7A4F7556}") = "OrderApp", "OrderApp\OrderApp.csproj", "{E38BE232-D89E-4E6F-AE28-1A7C85D3329D}"
EndProject
Project("{9A19103F-16F7-4668-BE54-9A1E7A4F7556}") = "OrdersAppTests", "TestOrdersApp\OrdersAppTests.csproj", "{B42A59D0-D931-4638-B071-7C2B01F8B911}"
EndProject
Project("{9A19103F-16F7-4668-BE54-9A1E7A4F7556}") = "Exceptions", "Exceptions\Exceptions.csproj", "{B186CB24-EBD7-4E96-936E-099F9D21EBC7}"
EndProject
Global
	GlobalSection(SolutionConfigurationPlatforms) = preSolution
		Debug|Any CPU = Debug|Any CPU
		Release|Any CPU = Release|Any CPU
	EndGlobalSection
	GlobalSection(ProjectConfigurationPlatforms) = postSolution
		{BE4CB84F-D32D-41EF-BE37-9000A9B3DE42}.Debug|Any CPU.ActiveCfg = Debug|Any CPU
		{BE4CB84F-D32D-41EF-BE37-9000A9B3DE42}.Debug|Any CPU.Build.0 = Debug|Any CPU
		{BE4CB84F-D32D-41EF-BE37-9000A9B3DE42}.Release|Any CPU.ActiveCfg = Release|Any CPU
		{BE4CB84F-D32D-41EF-BE37-9000A9B3DE42}.Release|Any CPU.Build.0 = Release|Any CPU
		{C9715906-3095-433E-9E85-7D3698A4669F}.Debug|Any CPU.ActiveCfg = Debug|Any CPU
		{C9715906-3095-433E-9E85-7D3698A4669F}.Debug|Any CPU.Build.0 = Debug|Any CPU
		{C9715906-3095-433E-9E85-7D3698A4669F}.Release|Any CPU.ActiveCfg = Release|Any CPU
		{C9715906-3095-433E-9E85-7D3698A4669F}.Release|Any CPU.Build.0 = Release|Any CPU
		{334EBAFD-A88C-40E9-A86F-82A64EF1CA21}.Debug|Any CPU.ActiveCfg = Debug|Any CPU
		{334EBAFD-A88C-40E9-A86F-82A64EF1CA21}.Debug|Any CPU.Build.0 = Debug|Any CPU
		{334EBAFD-A88C-40E9-A86F-82A64EF1CA21}.Release|Any CPU.ActiveCfg = Release|Any CPU
		{334EBAFD-A88C-40E9-A86F-82A64EF1CA21}.Release|Any CPU.Build.0 = Release|Any CPU
		{4F21CD01-6490-4E0E-8C7F-6C6EE97FEC4F}.Debug|Any CPU.ActiveCfg = Debug|Any CPU
		{4F21CD01-6490-4E0E-8C7F-6C6EE97FEC4F}.Debug|Any CPU.Build.0 = Debug|Any CPU
		{4F21CD01-6490-4E0E-8C7F-6C6EE97FEC4F}.Release|Any CPU.ActiveCfg = Release|Any CPU
		{4F21CD01-6490-4E0E-8C7F-6C6EE97FEC4F}.Release|Any CPU.Build.0 = Release|Any CPU
		{3410BEA7-E6D5-4564-B2DD-FD3AEDC487E3}.Debug|Any CPU.ActiveCfg = Debug|Any CPU
		{3410BEA7-E6D5-4564-B2DD-FD3AEDC487E3}.Debug|Any CPU.Build.0 = Debug|Any CPU
		{3410BEA7-E6D5-4564-B2DD-FD3AEDC487E3}.Release|Any CPU.ActiveCfg = Release|Any CPU
		{3410BEA7-E6D5-4564-B2DD-FD3AEDC487E3}.Release|Any CPU.Build.0 = Release|Any CPU
		{41698E42-77BB-4B40-841E-ED4675E71B64}.Debug|Any CPU.ActiveCfg = Debug|Any CPU
		{41698E42-77BB-4B40-841E-ED4675E71B64}.Debug|Any CPU.Build.0 = Debug|Any CPU
		{41698E42-77BB-4B40-841E-ED4675E71B64}.Release|Any CPU.ActiveCfg = Release|Any CPU
		{41698E42-77BB-4B40-841E-ED4675E71B64}.Release|Any CPU.Build.0 = Release|Any CPU
		{7AE2FD74-5913-4F23-A509-03F8A6848B5D}.Debug|Any CPU.ActiveCfg = Debug|Any CPU
		{7AE2FD74-5913-4F23-A509-03F8A6848B5D}.Debug|Any CPU.Build.0 = Debug|Any CPU
		{7AE2FD74-5913-4F23-A509-03F8A6848B5D}.Release|Any CPU.ActiveCfg = Release|Any CPU
		{7AE2FD74-5913-4F23-A509-03F8A6848B5D}.Release|Any CPU.Build.0 = Release|Any CPU
		{B1D7AC90-0F5A-4A62-B67E-D5713ABC2414}.Debug|Any CPU.ActiveCfg = Debug|Any CPU
		{B1D7AC90-0F5A-4A62-B67E-D5713ABC2414}.Debug|Any CPU.Build.0 = Debug|Any CPU
		{B1D7AC90-0F5A-4A62-B67E-D5713ABC2414}.Release|Any CPU.ActiveCfg = Release|Any CPU
		{B1D7AC90-0F5A-4A62-B67E-D5713ABC2414}.Release|Any CPU.Build.0 = Release|Any CPU
		{CDAA29E6-6B2E-427D-B967-32C791B638FB}.Debug|Any CPU.ActiveCfg = Debug|Any CPU
		{CDAA29E6-6B2E-427D-B967-32C791B638FB}.Debug|Any CPU.Build.0 = Debug|Any CPU
		{CDAA29E6-6B2E-427D-B967-32C791B638FB}.Release|Any CPU.ActiveCfg = Release|Any CPU
		{CDAA29E6-6B2E-427D-B967-32C791B638FB}.Release|Any CPU.Build.0 = Release|Any CPU
		{E38BE232-D89E-4E6F-AE28-1A7C85D3329D}.Debug|Any CPU.ActiveCfg = Debug|Any CPU
		{E38BE232-D89E-4E6F-AE28-1A7C85D3329D}.Debug|Any CPU.Build.0 = Debug|Any CPU
		{E38BE232-D89E-4E6F-AE28-1A7C85D3329D}.Release|Any CPU.ActiveCfg = Release|Any CPU
		{E38BE232-D89E-4E6F-AE28-1A7C85D3329D}.Release|Any CPU.Build.0 = Release|Any CPU
		{B42A59D0-D931-4638-B071-7C2B01F8B911}.Debug|Any CPU.ActiveCfg = Debug|Any CPU
		{B42A59D0-D931-4638-B071-7C2B01F8B911}.Debug|Any CPU.Build.0 = Debug|Any CPU
		{B42A59D0-D931-4638-B071-7C2B01F8B911}.Release|Any CPU.ActiveCfg = Release|Any CPU
		{B42A59D0-D931-4638-B071-7C2B01F8B911}.Release|Any CPU.Build.0 = Release|Any CPU
		{B186CB24-EBD7-4E96-936E-099F9D21EBC7}.Debug|Any CPU.ActiveCfg = Debug|Any CPU
		{B186CB24-EBD7-4E96-936E-099F9D21EBC7}.Debug|Any CPU.Build.0 = Debug|Any CPU
		{B186CB24-EBD7-4E96-936E-099F9D21EBC7}.Release|Any CPU.ActiveCfg = Release|Any CPU
		{B186CB24-EBD7-4E96-936E-099F9D21EBC7}.Release|Any CPU.Build.0 = Release|Any CPU
	EndGlobalSection
	GlobalSection(SolutionProperties) = preSolution
		HideSolutionNode = FALSE
	EndGlobalSection
	GlobalSection(ExtensibilityGlobals) = postSolution
		SolutionGuid = {7EED2E86-1063-4461-B1B5-02A79ABF28B1}
	EndGlobalSection
EndGlobal
