
Microsoft Visual Studio Solution File, Format Version 12.00
# Visual Studio Version 17
VisualStudioVersion = 17.5.33530.505
MinimumVisualStudioVersion = 10.0.40219.1
Project("{FAE04EC0-301F-11D3-BF4B-00C04F79EFBC}") = "eCommerceOrder", "eCommerceOrder\eCommerceOrder.csproj", "{2BA62A90-378F-4B22-BA4F-BCA0352EF16F}"
EndProject
Global
	GlobalSection(SolutionConfigurationPlatforms) = preSolution
		Debug|Any CPU = Debug|Any CPU
		Release|Any CPU = Release|Any CPU
	EndGlobalSection
	GlobalSection(ProjectConfigurationPlatforms) = postSolution
		{2BA62A90-378F-4B22-BA4F-BCA0352EF16F}.Debug|Any CPU.ActiveCfg = Debug|Any CPU
		{2BA62A90-378F-4B22-BA4F-BCA0352EF16F}.Debug|Any CPU.Build.0 = Debug|Any CPU
		{2BA62A90-378F-4B22-BA4F-BCA0352EF16F}.Release|Any CPU.ActiveCfg = Release|Any CPU
		{2BA62A90-378F-4B22-BA4F-BCA0352EF16F}.Release|Any CPU.Build.0 = Release|Any CPU
	EndGlobalSection
	GlobalSection(SolutionProperties) = preSolution
		HideSolutionNode = FALSE
	EndGlobalSection
	GlobalSection(ExtensibilityGlobals) = postSolution
		SolutionGuid = {1BD2C82A-8077-4168-B403-856C45CB32E9}
	EndGlobalSection
EndGlobal
